{
    "name": "rabbitcontrol",
    "version": "0.0.49",
    "lockfileVersion": 2,
    "requires": true,
    "packages": {
        "": {
            "name": "rabbitcontrol",
            "version": "0.0.49",
            "license": "LGPL-3.0-or-later",
            "dependencies": {
                "@types/debug": "~4.1.12",
                "@types/semver": "^7.5.8",
                "@types/text-encoding": "~0.0.39",
                "@zxing/text-encoding": "^0.9.0",
                "big-integer": "^1.6.51",
                "ip-num": "^1.3.4",
                "semver": "^7.6.0"
            },
            "devDependencies": {
                "@types/node": "^16.4.0",
                "typescript": "^4.2.3"
            }
        },
        "node_modules/@types/debug": {
            "version": "4.1.12",
            "resolved": "https://registry.npmjs.org/@types/debug/-/debug-4.1.12.tgz",
            "integrity": "sha512-vIChWdVG3LG1SMxEvI/AK+FWJthlrqlTu7fbrlywTkkaONwk/UAGaULXRlf8vkzFBLVm0zkMdCquhL5aOjhXPQ==",
            "dependencies": {
                "@types/ms": "*"
            }
        },
        "node_modules/@types/ms": {
            "version": "0.7.34",
            "resolved": "https://registry.npmjs.org/@types/ms/-/ms-0.7.34.tgz",
            "integrity": "sha512-nG96G3Wp6acyAgJqGasjODb+acrI7KltPiRxzHPXnP3NgI28bpQDRv53olbqGXbfcgF5aiiHmO3xpwEpS5Ld9g=="
        },
        "node_modules/@types/node": {
            "version": "16.4.0",
            "resolved": "https://registry.npmjs.org/@types/node/-/node-16.4.0.tgz",
            "integrity": "sha512-HrJuE7Mlqcjj+00JqMWpZ3tY8w7EUd+S0U3L1+PQSWiXZbOgyQDvi+ogoUxaHApPJq5diKxYBQwA3iIlNcPqOg==",
            "dev": true
        },
        "node_modules/@types/semver": {
            "version": "7.5.8",
            "resolved": "https://registry.npmjs.org/@types/semver/-/semver-7.5.8.tgz",
            "integrity": "sha512-I8EUhyrgfLrcTkzV3TSsGyl1tSuPrEDzr0yd5m90UgNxQkyDXULk3b6MlQqTCpZpNtWe1K0hzclnZkTcLBe2UQ=="
        },
        "node_modules/@types/text-encoding": {
            "version": "0.0.39",
            "resolved": "https://registry.npmjs.org/@types/text-encoding/-/text-encoding-0.0.39.tgz",
            "integrity": "sha512-gRPvgL1aMgP6Pv92Rs310cJvVQ86DSF62E7K30g1FoGmmYWXoNuXT8PV835iAVeiAZkRwr2IW37KuyDn9ljmeA=="
        },
        "node_modules/@zxing/text-encoding": {
            "version": "0.9.0",
            "resolved": "https://registry.npmjs.org/@zxing/text-encoding/-/text-encoding-0.9.0.tgz",
            "integrity": "sha512-U/4aVJ2mxI0aDNI8Uq0wEhMgY+u4CNtEb0om3+y3+niDAsoTCOB33UF0sxpzqzdqXLqmvc+vZyAt4O8pPdfkwA=="
        },
        "node_modules/big-integer": {
            "version": "1.6.51",
            "resolved": "https://registry.npmjs.org/big-integer/-/big-integer-1.6.51.tgz",
            "integrity": "sha512-GPEid2Y9QU1Exl1rpO9B2IPJGHPSupF5GnVIP0blYvNOMer2bTvSWs1jGOUg04hTmu67nmLsQ9TBo1puaotBHg==",
            "engines": {
                "node": ">=0.6"
            }
        },
        "node_modules/ip-num": {
            "version": "1.3.4",
            "resolved": "https://registry.npmjs.org/ip-num/-/ip-num-1.3.4.tgz",
            "integrity": "sha512-ZlO1YqjR87dsMFTxUJGj1iZR+UV+0QHWeOAMZfTBpGocBsKGc7fJdlFoa7F5xpK/guKW7dkfT6UAVDwvWjLK1Q==",
            "dependencies": {
                "big-integer": "^1.6.48"
            }
        },
        "node_modules/lru-cache": {
            "version": "6.0.0",
            "resolved": "https://registry.npmjs.org/lru-cache/-/lru-cache-6.0.0.tgz",
            "integrity": "sha512-Jo6dJ04CmSjuznwJSS3pUeWmd/H0ffTlkXXgwZi+eq1UCmqQwCh+eLsYOYCwY991i2Fah4h1BEMCx4qThGbsiA==",
            "dependencies": {
                "yallist": "^4.0.0"
            },
            "engines": {
                "node": ">=10"
            }
        },
        "node_modules/semver": {
            "version": "7.6.0",
            "resolved": "https://registry.npmjs.org/semver/-/semver-7.6.0.tgz",
            "integrity": "sha512-EnwXhrlwXMk9gKu5/flx5sv/an57AkRplG3hTK68W7FRDN+k+OWBj65M7719OkA82XLBxrcX0KSHj+X5COhOVg==",
            "dependencies": {
                "lru-cache": "^6.0.0"
            },
            "bin": {
                "semver": "bin/semver.js"
            },
            "engines": {
                "node": ">=10"
            }
        },
        "node_modules/typescript": {
            "version": "4.3.5",
            "resolved": "https://registry.npmjs.org/typescript/-/typescript-4.3.5.tgz",
            "integrity": "sha512-DqQgihaQ9cUrskJo9kIyW/+g0Vxsk8cDtZ52a3NGh0YNTfpUSArXSohyUGnvbPazEPLu398C0UxmKSOrPumUzA==",
            "dev": true,
            "bin": {
                "tsc": "bin/tsc",
                "tsserver": "bin/tsserver"
            },
            "engines": {
                "node": ">=4.2.0"
            }
        },
        "node_modules/yallist": {
            "version": "4.0.0",
            "resolved": "https://registry.npmjs.org/yallist/-/yallist-4.0.0.tgz",
            "integrity": "sha512-3wdGidZyq5PB084XLES5TpOSRA3wjXAlIWMhum2kRcv/41Sn2emQ0dycQW4uZXLejwKvg6EsvbdlVL+FYEct7A=="
        }
    },
    "dependencies": {
        "@types/debug": {
            "version": "4.1.12",
            "resolved": "https://registry.npmjs.org/@types/debug/-/debug-4.1.12.tgz",
            "integrity": "sha512-vIChWdVG3LG1SMxEvI/AK+FWJthlrqlTu7fbrlywTkkaONwk/UAGaULXRlf8vkzFBLVm0zkMdCquhL5aOjhXPQ==",
            "requires": {
                "@types/ms": "*"
            }
        },
        "@types/ms": {
            "version": "0.7.34",
            "resolved": "https://registry.npmjs.org/@types/ms/-/ms-0.7.34.tgz",
            "integrity": "sha512-nG96G3Wp6acyAgJqGasjODb+acrI7KltPiRxzHPXnP3NgI28bpQDRv53olbqGXbfcgF5aiiHmO3xpwEpS5Ld9g=="
        },
        "@types/node": {
            "version": "16.4.0",
            "resolved": "https://registry.npmjs.org/@types/node/-/node-16.4.0.tgz",
            "integrity": "sha512-HrJuE7Mlqcjj+00JqMWpZ3tY8w7EUd+S0U3L1+PQSWiXZbOgyQDvi+ogoUxaHApPJq5diKxYBQwA3iIlNcPqOg==",
            "dev": true
        },
        "@types/semver": {
            "version": "7.5.8",
            "resolved": "https://registry.npmjs.org/@types/semver/-/semver-7.5.8.tgz",
            "integrity": "sha512-I8EUhyrgfLrcTkzV3TSsGyl1tSuPrEDzr0yd5m90UgNxQkyDXULk3b6MlQqTCpZpNtWe1K0hzclnZkTcLBe2UQ=="
        },
        "@types/text-encoding": {
            "version": "0.0.39",
            "resolved": "https://registry.npmjs.org/@types/text-encoding/-/text-encoding-0.0.39.tgz",
            "integrity": "sha512-gRPvgL1aMgP6Pv92Rs310cJvVQ86DSF62E7K30g1FoGmmYWXoNuXT8PV835iAVeiAZkRwr2IW37KuyDn9ljmeA=="
        },
        "@zxing/text-encoding": {
            "version": "0.9.0",
            "resolved": "https://registry.npmjs.org/@zxing/text-encoding/-/text-encoding-0.9.0.tgz",
            "integrity": "sha512-U/4aVJ2mxI0aDNI8Uq0wEhMgY+u4CNtEb0om3+y3+niDAsoTCOB33UF0sxpzqzdqXLqmvc+vZyAt4O8pPdfkwA=="
        },
        "big-integer": {
            "version": "1.6.51",
            "resolved": "https://registry.npmjs.org/big-integer/-/big-integer-1.6.51.tgz",
            "integrity": "sha512-GPEid2Y9QU1Exl1rpO9B2IPJGHPSupF5GnVIP0blYvNOMer2bTvSWs1jGOUg04hTmu67nmLsQ9TBo1puaotBHg=="
        },
        "ip-num": {
            "version": "1.3.4",
            "resolved": "https://registry.npmjs.org/ip-num/-/ip-num-1.3.4.tgz",
            "integrity": "sha512-ZlO1YqjR87dsMFTxUJGj1iZR+UV+0QHWeOAMZfTBpGocBsKGc7fJdlFoa7F5xpK/guKW7dkfT6UAVDwvWjLK1Q==",
            "requires": {
                "big-integer": "^1.6.48"
            }
        },
        "lru-cache": {
            "version": "6.0.0",
            "resolved": "https://registry.npmjs.org/lru-cache/-/lru-cache-6.0.0.tgz",
            "integrity": "sha512-Jo6dJ04CmSjuznwJSS3pUeWmd/H0ffTlkXXgwZi+eq1UCmqQwCh+eLsYOYCwY991i2Fah4h1BEMCx4qThGbsiA==",
            "requires": {
                "yallist": "^4.0.0"
            }
        },
        "semver": {
            "version": "7.6.0",
            "resolved": "https://registry.npmjs.org/semver/-/semver-7.6.0.tgz",
            "integrity": "sha512-EnwXhrlwXMk9gKu5/flx5sv/an57AkRplG3hTK68W7FRDN+k+OWBj65M7719OkA82XLBxrcX0KSHj+X5COhOVg==",
            "requires": {
                "lru-cache": "^6.0.0"
            }
        },
        "typescript": {
            "version": "4.3.5",
            "resolved": "https://registry.npmjs.org/typescript/-/typescript-4.3.5.tgz",
            "integrity": "sha512-DqQgihaQ9cUrskJo9kIyW/+g0Vxsk8cDtZ52a3NGh0YNTfpUSArXSohyUGnvbPazEPLu398C0UxmKSOrPumUzA==",
            "dev": true
        },
        "yallist": {
            "version": "4.0.0",
            "resolved": "https://registry.npmjs.org/yallist/-/yallist-4.0.0.tgz",
            "integrity": "sha512-3wdGidZyq5PB084XLES5TpOSRA3wjXAlIWMhum2kRcv/41Sn2emQ0dycQW4uZXLejwKvg6EsvbdlVL+FYEct7A=="
        }
    }
}
