{
    "name": "rabbitcontrol",
    "version": "0.0.20",
    "lockfileVersion": 1,
    "requires": true,
    "dependencies": {
        "@types/debug": {
            "version": "0.0.31",
            "resolved": "https://registry.npmjs.org/@types/debug/-/debug-0.0.31.tgz",
            "integrity": "sha512-LS1MCPaQKqspg7FvexuhmDbWUhE2yIJ+4AgVIyObfc06/UKZ8REgxGNjZc82wPLWmbeOm7S+gSsLgo75TanG4A=="
        },
        "@types/node": {
            "version": "10.12.9",
            "resolved": "https://registry.npmjs.org/@types/node/-/node-10.12.9.tgz",
            "integrity": "sha512-eajkMXG812/w3w4a1OcBlaTwsFPO5F7fJ/amy+tieQxEMWBlbV1JGSjkFM+zkHNf81Cad+dfIRA+IBkvmvdAeA=="
        },
        "@types/semver": {
            "version": "6.2.0",
            "resolved": "https://registry.npmjs.org/@types/semver/-/semver-6.2.0.tgz",
            "integrity": "sha512-1OzrNb4RuAzIT7wHSsgZRlMBlNsJl+do6UblR7JMW4oB7bbR+uBEYtUh7gEc/jM84GGilh68lSOokyM/zNUlBA=="
        },
        "@types/text-encoding": {
            "version": "0.0.35",
            "resolved": "https://registry.npmjs.org/@types/text-encoding/-/text-encoding-0.0.35.tgz",
            "integrity": "sha512-jfo/A88XIiAweUa8np+1mPbm3h2w0s425YrI8t3wk5QxhH6UI7w517MboNVnGDeMSuoFwA8Rwmklno+FicvV4g=="
        },
        "big-integer": {
            "version": "1.6.28",
            "resolved": "http://registry.npmjs.org/big-integer/-/big-integer-1.6.28.tgz",
            "integrity": "sha512-OJT3rzgtsYca/5WmmEuFJDPMwROVh5SSjoEX9wIrpfbbWJ4KqRzShs8Cj6jWHaatBYAeWngBA+kmmrcHSklT1g=="
        },
        "ip-num": {
            "version": "1.1.1",
            "resolved": "https://registry.npmjs.org/ip-num/-/ip-num-1.1.1.tgz",
            "integrity": "sha512-IVHHF2fhw7xnZsF5aehNtJnuHCMf3835ECFAapHGBZiuYk2DvRUlSh7cktYZ/7VaGLxduyCR28nU3HPNfVB+wQ==",
            "requires": {
                "big-integer": "1.6.28"
            }
        },
        "semver": {
            "version": "6.3.0",
            "resolved": "https://registry.npmjs.org/semver/-/semver-6.3.0.tgz",
            "integrity": "sha512-b39TBaTSfV6yBrapU89p5fKekE2m/NwnDocOVruQFS1/veMgdzuPcnOM34M6CwxW8jH/lxEa5rBoDeUwu5HHTw=="
        },
        "text-encoding": {
            "version": "0.7.0",
            "resolved": "https://registry.npmjs.org/text-encoding/-/text-encoding-0.7.0.tgz",
            "integrity": "sha512-oJQ3f1hrOnbRLOcwKz0Liq2IcrvDeZRHXhd9RgLrsT+DjWY/nty1Hi7v3dtkaEYbPYe0mUoOfzRrMwfXXwgPUA=="
        },
        "typescript": {
            "version": "3.1.6",
            "resolved": "https://registry.npmjs.org/typescript/-/typescript-3.1.6.tgz",
            "integrity": "sha512-tDMYfVtvpb96msS1lDX9MEdHrW4yOuZ4Kdc4Him9oU796XldPYF/t2+uKoX0BBa0hXXwDlqYQbXY5Rzjzc5hBA==",
            "dev": true
        }
    }
}
